
Microsoft Visual Studio Solution File, Format Version 12.00
# Visual Studio Version 17
VisualStudioVersion = 17.6.33801.468
MinimumVisualStudioVersion = 10.0.40219.1
Project("{FAE04EC0-301F-11D3-BF4B-00C04F79EFBC}") = "00-PruebaApp", "00-PruebaApp.csproj", "{FA737B53-94BD-410E-8D31-F7A764689938}"
EndProject
Global
	GlobalSection(SolutionConfigurationPlatforms) = preSolution
		Debug|Any CPU = Debug|Any CPU
		Release|Any CPU = Release|Any CPU
	EndGlobalSection
	GlobalSection(ProjectConfigurationPlatforms) = postSolution
		{FA737B53-94BD-410E-8D31-F7A764689938}.Debug|Any CPU.ActiveCfg = Debug|Any CPU
		{FA737B53-94BD-410E-8D31-F7A764689938}.Debug|Any CPU.Build.0 = Debug|Any CPU
		{FA737B53-94BD-410E-8D31-F7A764689938}.Release|Any CPU.ActiveCfg = Release|Any CPU
		{FA737B53-94BD-410E-8D31-F7A764689938}.Release|Any CPU.Build.0 = Release|Any CPU
	EndGlobalSection
	GlobalSection(SolutionProperties) = preSolution
		HideSolutionNode = FALSE
	EndGlobalSection
	GlobalSection(ExtensibilityGlobals) = postSolution
		SolutionGuid = {3A5E4C99-B145-445E-8F00-EAC5909B50C0}
	EndGlobalSection
EndGlobal
